// !$*UTF8*$!
{
	archiveVersion = 1;
	classes = {
	};
	objectVersion = 77;
	objects = {

/* Begin PBXBuildFile section */
		0A1E167C2E10353A00A3BE41 /* QuoteManager.swift in Sources */ = {isa = PBXBuildFile; fileRef = 0A1E16782E10353A00A3BE41 /* QuoteManager.swift */; };
		0A1E167D2E10353A00A3BE41 /* main.swift in Sources */ = {isa = PBXBuildFile; fileRef = 0A1E16732E10353A00A3BE41 /* main.swift */; };
		0A1E16812E1038D200A3BE41 /* Quote.swift in Sources */ = {isa = PBXBuildFile; fileRef = 0A1E16802E1038CC00A3BE41 /* Quote.swift */; };
		0A1E16832E1038F500A3BE41 /* QuoteDatabase.swift in Sources */ = {isa = PBXBuildFile; fileRef = 0A1E16822E1038F400A3BE41 /* QuoteDatabase.swift */; };
		0A1E16852E1039BA00A3BE41 /* EmbeddedQuotes.swift in Sources */ = {isa = PBXBuildFile; fileRef = 0A1E16842E1039BA00A3BE41 /* EmbeddedQuotes.swift */; };
/* End PBXBuildFile section */

/* Begin PBXCopyFilesBuildPhase section */
		0A1E164C2E10169700A3BE41 /* CopyFiles */ = {
			isa = PBXCopyFilesBuildPhase;
			buildActionMask = 2147483647;
			dstPath = /usr/share/man/man1/;
			dstSubfolderSpec = 0;
			files = (
			);
			runOnlyForDeploymentPostprocessing = 1;
		};
/* End PBXCopyFilesBuildPhase section */

/* Begin PBXFileReference section */
		0A1E164E2E10169700A3BE41 /* quoter */ = {isa = PBXFileReference; explicitFileType = "compiled.mach-o.executable"; includeInIndex = 0; path = quoter; sourceTree = BUILT_PRODUCTS_DIR; };
		0A1E16732E10353A00A3BE41 /* main.swift */ = {isa = PBXFileReference; lastKnownFileType = sourcecode.swift; path = main.swift; sourceTree = "<group>"; };
		0A1E16752E10353A00A3BE41 /* quotes.json */ = {isa = PBXFileReference; lastKnownFileType = text.json; path = quotes.json; sourceTree = "<group>"; };
		0A1E16772E10353A00A3BE41 /* README.md */ = {isa = PBXFileReference; lastKnownFileType = net.daringfireball.markdown; path = README.md; sourceTree = "<group>"; };
		0A1E16782E10353A00A3BE41 /* QuoteManager.swift */ = {isa = PBXFileReference; lastKnownFileType = sourcecode.swift; path = QuoteManager.swift; sourceTree = "<group>"; };
		0A1E167E2E10375800A3BE41 /* ConvertJSONToSwift.swift */ = {isa = PBXFileReference; lastKnownFileType = sourcecode.swift; path = ConvertJSONToSwift.swift; sourceTree = "<group>"; };
		0A1E16802E1038CC00A3BE41 /* Quote.swift */ = {isa = PBXFileReference; lastKnownFileType = sourcecode.swift; path = Quote.swift; sourceTree = "<group>"; };
		0A1E16822E1038F400A3BE41 /* QuoteDatabase.swift */ = {isa = PBXFileReference; lastKnownFileType = sourcecode.swift; path = QuoteDatabase.swift; sourceTree = "<group>"; };
		0A1E16842E1039BA00A3BE41 /* EmbeddedQuotes.swift */ = {isa = PBXFileReference; lastKnownFileType = sourcecode.swift; path = EmbeddedQuotes.swift; sourceTree = "<group>"; };
/* End PBXFileReference section */

/* Begin PBXFrameworksBuildPhase section */
		0A1E164B2E10169700A3BE41 /* Frameworks */ = {
			isa = PBXFrameworksBuildPhase;
			buildActionMask = 2147483647;
			files = (
			);
			runOnlyForDeploymentPostprocessing = 0;
		};
/* End PBXFrameworksBuildPhase section */

/* Begin PBXGroup section */
		0A1E16452E10169700A3BE41 = {
			isa = PBXGroup;
			children = (
				0AD50B6F2E103E770004B3A4 /* BuildScripts */,
				0A1E16732E10353A00A3BE41 /* main.swift */,
				0A1E16762E10353A00A3BE41 /* Quotes */,
				0A1E16772E10353A00A3BE41 /* README.md */,
				0A1E16792E10353A00A3BE41 /* Sources */,
				0A1E164F2E10169700A3BE41 /* Products */,
			);
			sourceTree = "<group>";
		};
		0A1E164F2E10169700A3BE41 /* Products */ = {
			isa = PBXGroup;
			children = (
				0A1E164E2E10169700A3BE41 /* quoter */,
			);
			name = Products;
			sourceTree = "<group>";
		};
		0A1E16762E10353A00A3BE41 /* Quotes */ = {
			isa = PBXGroup;
			children = (
				0A1E16752E10353A00A3BE41 /* quotes.json */,
			);
			path = Quotes;
			sourceTree = "<group>";
		};
		0A1E16792E10353A00A3BE41 /* Sources */ = {
			isa = PBXGroup;
			children = (
				0A1E16822E1038F400A3BE41 /* QuoteDatabase.swift */,
				0A1E16842E1039BA00A3BE41 /* EmbeddedQuotes.swift */,
				0A1E16802E1038CC00A3BE41 /* Quote.swift */,
				0A1E16782E10353A00A3BE41 /* QuoteManager.swift */,
			);
			path = Sources;
			sourceTree = "<group>";
		};
		0AD50B6F2E103E770004B3A4 /* BuildScripts */ = {
			isa = PBXGroup;
			children = (
				0A1E167E2E10375800A3BE41 /* ConvertJSONToSwift.swift */,
			);
			path = BuildScripts;
			sourceTree = "<group>";
		};
/* End PBXGroup section */

/* Begin PBXNativeTarget section */
		0A1E164D2E10169700A3BE41 /* quoter */ = {
			isa = PBXNativeTarget;
			buildConfigurationList = 0A1E16552E10169700A3BE41 /* Build configuration list for PBXNativeTarget "quoter" */;
			buildPhases = (
				0A1E164A2E10169700A3BE41 /* Sources */,
				0A1E164B2E10169700A3BE41 /* Frameworks */,
				0A1E164C2E10169700A3BE41 /* CopyFiles */,
			);
			buildRules = (
			);
			dependencies = (
			);
			name = quoter;
			packageProductDependencies = (
			);
			productName = quoter;
			productReference = 0A1E164E2E10169700A3BE41 /* quoter */;
			productType = "com.apple.product-type.tool";
		};
/* End PBXNativeTarget section */

/* Begin PBXProject section */
		0A1E16462E10169700A3BE41 /* Project object */ = {
			isa = PBXProject;
			attributes = {
				BuildIndependentTargetsInParallel = 1;
				LastSwiftUpdateCheck = 1640;
				LastUpgradeCheck = 1640;
				TargetAttributes = {
					0A1E164D2E10169700A3BE41 = {
						CreatedOnToolsVersion = 16.4;
					};
				};
			};
			buildConfigurationList = 0A1E16492E10169700A3BE41 /* Build configuration list for PBXProject "quoter" */;
			developmentRegion = en;
			hasScannedForEncodings = 0;
			knownRegions = (
				en,
				Base,
			);
			mainGroup = 0A1E16452E10169700A3BE41;
			minimizedProjectReferenceProxies = 1;
			preferredProjectObjectVersion = 77;
			productRefGroup = 0A1E164F2E10169700A3BE41 /* Products */;
			projectDirPath = "";
			projectRoot = "";
			targets = (
				0A1E164D2E10169700A3BE41 /* quoter */,
			);
		};
/* End PBXProject section */

/* Begin PBXSourcesBuildPhase section */
		0A1E164A2E10169700A3BE41 /* Sources */ = {
			isa = PBXSourcesBuildPhase;
			buildActionMask = 2147483647;
			files = (
				0A1E167C2E10353A00A3BE41 /* QuoteManager.swift in Sources */,
				0A1E16812E1038D200A3BE41 /* Quote.swift in Sources */,
				0A1E16852E1039BA00A3BE41 /* EmbeddedQuotes.swift in Sources */,
				0A1E16832E1038F500A3BE41 /* QuoteDatabase.swift in Sources */,
				0A1E167D2E10353A00A3BE41 /* main.swift in Sources */,
			);
			runOnlyForDeploymentPostprocessing = 0;
		};
/* End PBXSourcesBuildPhase section */

/* Begin XCBuildConfiguration section */
		0A1E16532E10169700A3BE41 /* Debug */ = {
			isa = XCBuildConfiguration;
			buildSettings = {
				ALWAYS_SEARCH_USER_PATHS = NO;
				ASSETCATALOG_COMPILER_GENERATE_SWIFT_ASSET_SYMBOL_EXTENSIONS = YES;
				CLANG_ANALYZER_NONNULL = YES;
				CLANG_ANALYZER_NUMBER_OBJECT_CONVERSION = YES_AGGRESSIVE;
				CLANG_CXX_LANGUAGE_STANDARD = "gnu++20";
				CLANG_ENABLE_MODULES = YES;
				CLANG_ENABLE_OBJC_ARC = YES;
				CLANG_ENABLE_OBJC_WEAK = YES;
				CLANG_WARN_BLOCK_CAPTURE_AUTORELEASING = YES;
				CLANG_WARN_BOOL_CONVERSION = YES;
				CLANG_WARN_COMMA = YES;
				CLANG_WARN_CONSTANT_CONVERSION = YES;
				CLANG_WARN_DEPRECATED_OBJC_IMPLEMENTATIONS = YES;
				CLANG_WARN_DIRECT_OBJC_ISA_USAGE = YES_ERROR;
				CLANG_WARN_DOCUMENTATION_COMMENTS = YES;
				CLANG_WARN_EMPTY_BODY = YES;
				CLANG_WARN_ENUM_CONVERSION = YES;
				CLANG_WARN_INFINITE_RECURSION = YES;
				CLANG_WARN_INT_CONVERSION = YES;
				CLANG_WARN_NON_LITERAL_NULL_CONVERSION = YES;
				CLANG_WARN_OBJC_IMPLICIT_RETAIN_SELF = YES;
				CLANG_WARN_OBJC_LITERAL_CONVERSION = YES;
				CLANG_WARN_OBJC_ROOT_CLASS = YES_ERROR;
				CLANG_WARN_QUOTED_INCLUDE_IN_FRAMEWORK_HEADER = YES;
				CLANG_WARN_RANGE_LOOP_ANALYSIS = YES;
				CLANG_WARN_STRICT_PROTOTYPES = YES;
				CLANG_WARN_SUSPICIOUS_MOVE = YES;
				CLANG_WARN_UNGUARDED_AVAILABILITY = YES_AGGRESSIVE;
				CLANG_WARN_UNREACHABLE_CODE = YES;
				CLANG_WARN__DUPLICATE_METHOD_MATCH = YES;
				COPY_PHASE_STRIP = NO;
				DEBUG_INFORMATION_FORMAT = dwarf;
				ENABLE_STRICT_OBJC_MSGSEND = YES;
				ENABLE_TESTABILITY = YES;
				ENABLE_USER_SCRIPT_SANDBOXING = YES;
				GCC_C_LANGUAGE_STANDARD = gnu17;
				GCC_DYNAMIC_NO_PIC = NO;
				GCC_NO_COMMON_BLOCKS = YES;
				GCC_OPTIMIZATION_LEVEL = 0;
				GCC_PREPROCESSOR_DEFINITIONS = (
					"DEBUG=1",
					"$(inherited)",
				);
				GCC_WARN_64_TO_32_BIT_CONVERSION = YES;
				GCC_WARN_ABOUT_RETURN_TYPE = YES_ERROR;
				GCC_WARN_UNDECLARED_SELECTOR = YES;
				GCC_WARN_UNINITIALIZED_AUTOS = YES_AGGRESSIVE;
				GCC_WARN_UNUSED_FUNCTION = YES;
				GCC_WARN_UNUSED_VARIABLE = YES;
				LOCALIZATION_PREFERS_STRING_CATALOGS = YES;
				MACOSX_DEPLOYMENT_TARGET = 15.5;
				MTL_ENABLE_DEBUG_INFO = INCLUDE_SOURCE;
				MTL_FAST_MATH = YES;
				ONLY_ACTIVE_ARCH = YES;
				SDKROOT = macosx;
				SWIFT_ACTIVE_COMPILATION_CONDITIONS = "DEBUG $(inherited)";
				SWIFT_OPTIMIZATION_LEVEL = "-Onone";
			};
			name = Debug;
		};
		0A1E16542E10169700A3BE41 /* Release */ = {
			isa = XCBuildConfiguration;
			buildSettings = {
				ALWAYS_SEARCH_USER_PATHS = NO;
				ASSETCATALOG_COMPILER_GENERATE_SWIFT_ASSET_SYMBOL_EXTENSIONS = YES;
				CLANG_ANALYZER_NONNULL = YES;
				CLANG_ANALYZER_NUMBER_OBJECT_CONVERSION = YES_AGGRESSIVE;
				CLANG_CXX_LANGUAGE_STANDARD = "gnu++20";
				CLANG_ENABLE_MODULES = YES;
				CLANG_ENABLE_OBJC_ARC = YES;
				CLANG_ENABLE_OBJC_WEAK = YES;
				CLANG_WARN_BLOCK_CAPTURE_AUTORELEASING = YES;
				CLANG_WARN_BOOL_CONVERSION = YES;
				CLANG_WARN_COMMA = YES;
				CLANG_WARN_CONSTANT_CONVERSION = YES;
				CLANG_WARN_DEPRECATED_OBJC_IMPLEMENTATIONS = YES;
				CLANG_WARN_DIRECT_OBJC_ISA_USAGE = YES_ERROR;
				CLANG_WARN_DOCUMENTATION_COMMENTS = YES;
				CLANG_WARN_EMPTY_BODY = YES;
				CLANG_WARN_ENUM_CONVERSION = YES;
				CLANG_WARN_INFINITE_RECURSION = YES;
				CLANG_WARN_INT_CONVERSION = YES;
				CLANG_WARN_NON_LITERAL_NULL_CONVERSION = YES;
				CLANG_WARN_OBJC_IMPLICIT_RETAIN_SELF = YES;
				CLANG_WARN_OBJC_LITERAL_CONVERSION = YES;
				CLANG_WARN_OBJC_ROOT_CLASS = YES_ERROR;
				CLANG_WARN_QUOTED_INCLUDE_IN_FRAMEWORK_HEADER = YES;
				CLANG_WARN_RANGE_LOOP_ANALYSIS = YES;
				CLANG_WARN_STRICT_PROTOTYPES = YES;
				CLANG_WARN_SUSPICIOUS_MOVE = YES;
				CLANG_WARN_UNGUARDED_AVAILABILITY = YES_AGGRESSIVE;
				CLANG_WARN_UNREACHABLE_CODE = YES;
				CLANG_WARN__DUPLICATE_METHOD_MATCH = YES;
				COPY_PHASE_STRIP = NO;
				DEBUG_INFORMATION_FORMAT = "dwarf-with-dsym";
				ENABLE_NS_ASSERTIONS = NO;
				ENABLE_STRICT_OBJC_MSGSEND = YES;
				ENABLE_USER_SCRIPT_SANDBOXING = YES;
				GCC_C_LANGUAGE_STANDARD = gnu17;
				GCC_NO_COMMON_BLOCKS = YES;
				GCC_WARN_64_TO_32_BIT_CONVERSION = YES;
				GCC_WARN_ABOUT_RETURN_TYPE = YES_ERROR;
				GCC_WARN_UNDECLARED_SELECTOR = YES;
				GCC_WARN_UNINITIALIZED_AUTOS = YES_AGGRESSIVE;
				GCC_WARN_UNUSED_FUNCTION = YES;
				GCC_WARN_UNUSED_VARIABLE = YES;
				LOCALIZATION_PREFERS_STRING_CATALOGS = YES;
				MACOSX_DEPLOYMENT_TARGET = 15.5;
				MTL_ENABLE_DEBUG_INFO = NO;
				MTL_FAST_MATH = YES;
				SDKROOT = macosx;
				SWIFT_COMPILATION_MODE = wholemodule;
			};
			name = Release;
		};
		0A1E16562E10169700A3BE41 /* Debug */ = {
			isa = XCBuildConfiguration;
			buildSettings = {
				CODE_SIGN_STYLE = Automatic;
				PRODUCT_NAME = "$(TARGET_NAME)";
				SWIFT_VERSION = 5.0;
			};
			name = Debug;
		};
		0A1E16572E10169700A3BE41 /* Release */ = {
			isa = XCBuildConfiguration;
			buildSettings = {
				CODE_SIGN_STYLE = Automatic;
				PRODUCT_NAME = "$(TARGET_NAME)";
				SWIFT_VERSION = 5.0;
			};
			name = Release;
		};
/* End XCBuildConfiguration section */

/* Begin XCConfigurationList section */
		0A1E16492E10169700A3BE41 /* Build configuration list for PBXProject "quoter" */ = {
			isa = XCConfigurationList;
			buildConfigurations = (
				0A1E16532E10169700A3BE41 /* Debug */,
				0A1E16542E10169700A3BE41 /* Release */,
			);
			defaultConfigurationIsVisible = 0;
			defaultConfigurationName = Release;
		};
		0A1E16552E10169700A3BE41 /* Build configuration list for PBXNativeTarget "quoter" */ = {
			isa = XCConfigurationList;
			buildConfigurations = (
				0A1E16562E10169700A3BE41 /* Debug */,
				0A1E16572E10169700A3BE41 /* Release */,
			);
			defaultConfigurationIsVisible = 0;
			defaultConfigurationName = Release;
		};
/* End XCConfigurationList section */
	};
	rootObject = 0A1E16462E10169700A3BE41 /* Project object */;
}
